
Microsoft Visual Studio Solution File, Format Version 12.00
# Visual Studio Version 17
VisualStudioVersion = 17.9.34728.123
MinimumVisualStudioVersion = 10.0.40219.1
Project("{FAE04EC0-301F-11D3-BF4B-00C04F79EFBC}") = "csharp-cibi-preferiti", "csharp-cibi-preferiti\csharp-cibi-preferiti.csproj", "{A65317C6-D8EF-463B-B6E1-5D92C692BE0D}"
EndProject
Global
	GlobalSection(SolutionConfigurationPlatforms) = preSolution
		Debug|Any CPU = Debug|Any CPU
		Release|Any CPU = Release|Any CPU
	EndGlobalSection
	GlobalSection(ProjectConfigurationPlatforms) = postSolution
		{A65317C6-D8EF-463B-B6E1-5D92C692BE0D}.Debug|Any CPU.ActiveCfg = Debug|Any CPU
		{A65317C6-D8EF-463B-B6E1-5D92C692BE0D}.Debug|Any CPU.Build.0 = Debug|Any CPU
		{A65317C6-D8EF-463B-B6E1-5D92C692BE0D}.Release|Any CPU.ActiveCfg = Release|Any CPU
		{A65317C6-D8EF-463B-B6E1-5D92C692BE0D}.Release|Any CPU.Build.0 = Release|Any CPU
	EndGlobalSection
	GlobalSection(SolutionProperties) = preSolution
		HideSolutionNode = FALSE
	EndGlobalSection
	GlobalSection(ExtensibilityGlobals) = postSolution
		SolutionGuid = {F79C625D-E042-4C17-B896-D8B6F726618C}
	EndGlobalSection
EndGlobal
